
Microsoft Visual Studio Solution File, Format Version 12.00
# Visual Studio Version 17
VisualStudioVersion = 17.5.002.0
MinimumVisualStudioVersion = 10.0.40219.1
Project("{9A19103F-16F7-4668-BE54-9A1E7A4F7556}") = "common.Api", "common.Api.csproj", "{86424C36-A169-4548-B5CF-D2C70A5E6147}"
EndProject
Global
	GlobalSection(SolutionConfigurationPlatforms) = preSolution
		Debug|Any CPU = Debug|Any CPU
		Release|Any CPU = Release|Any CPU
	EndGlobalSection
	GlobalSection(ProjectConfigurationPlatforms) = postSolution
		{86424C36-A169-4548-B5CF-D2C70A5E6147}.Debug|Any CPU.ActiveCfg = Debug|Any CPU
		{86424C36-A169-4548-B5CF-D2C70A5E6147}.Debug|Any CPU.Build.0 = Debug|Any CPU
		{86424C36-A169-4548-B5CF-D2C70A5E6147}.Release|Any CPU.ActiveCfg = Release|Any CPU
		{86424C36-A169-4548-B5CF-D2C70A5E6147}.Release|Any CPU.Build.0 = Release|Any CPU
	EndGlobalSection
	GlobalSection(SolutionProperties) = preSolution
		HideSolutionNode = FALSE
	EndGlobalSection
	GlobalSection(ExtensibilityGlobals) = postSolution
		SolutionGuid = {BE62135C-AECD-4099-AE30-1B1AF4A58071}
	EndGlobalSection
EndGlobal
